
Microsoft Visual Studio Solution File, Format Version 12.00
# Visual Studio Version 16
VisualStudioVersion = 16.0.34931.43
MinimumVisualStudioVersion = 10.0.40219.1
Project("{FAE04EC0-301F-11D3-BF4B-00C04F79EFBC}") = "IntroductionToDotNet", "IntroductionToDotNet\IntroductionToDotNet.csproj", "{0FC565C6-1EFD-49A9-B413-EB6F63587BBB}"
EndProject
Project("{FAE04EC0-301F-11D3-BF4B-00C04F79EFBC}") = "DataTypes", "DataTypes\DataTypes.csproj", "{4F9953EB-9B98-4C6F-892B-037AFB1B9AD6}"
EndProject
Project("{FAE04EC0-301F-11D3-BF4B-00C04F79EFBC}") = "Geometry", "Geometry\Geometry.csproj", "{555B9398-1778-4BFE-81AE-CBE22A22B519}"
EndProject
Global
	GlobalSection(SolutionConfigurationPlatforms) = preSolution
		Debug|Any CPU = Debug|Any CPU
		Release|Any CPU = Release|Any CPU
	EndGlobalSection
	GlobalSection(ProjectConfigurationPlatforms) = postSolution
		{0FC565C6-1EFD-49A9-B413-EB6F63587BBB}.Debug|Any CPU.ActiveCfg = Debug|Any CPU
		{0FC565C6-1EFD-49A9-B413-EB6F63587BBB}.Debug|Any CPU.Build.0 = Debug|Any CPU
		{0FC565C6-1EFD-49A9-B413-EB6F63587BBB}.Release|Any CPU.ActiveCfg = Release|Any CPU
		{0FC565C6-1EFD-49A9-B413-EB6F63587BBB}.Release|Any CPU.Build.0 = Release|Any CPU
		{4F9953EB-9B98-4C6F-892B-037AFB1B9AD6}.Debug|Any CPU.ActiveCfg = Debug|Any CPU
		{4F9953EB-9B98-4C6F-892B-037AFB1B9AD6}.Debug|Any CPU.Build.0 = Debug|Any CPU
		{4F9953EB-9B98-4C6F-892B-037AFB1B9AD6}.Release|Any CPU.ActiveCfg = Release|Any CPU
		{4F9953EB-9B98-4C6F-892B-037AFB1B9AD6}.Release|Any CPU.Build.0 = Release|Any CPU
		{555B9398-1778-4BFE-81AE-CBE22A22B519}.Debug|Any CPU.ActiveCfg = Debug|Any CPU
		{555B9398-1778-4BFE-81AE-CBE22A22B519}.Debug|Any CPU.Build.0 = Debug|Any CPU
		{555B9398-1778-4BFE-81AE-CBE22A22B519}.Release|Any CPU.ActiveCfg = Release|Any CPU
		{555B9398-1778-4BFE-81AE-CBE22A22B519}.Release|Any CPU.Build.0 = Release|Any CPU
	EndGlobalSection
	GlobalSection(SolutionProperties) = preSolution
		HideSolutionNode = FALSE
	EndGlobalSection
	GlobalSection(ExtensibilityGlobals) = postSolution
		SolutionGuid = {9E5FE8EC-E5AB-40D5-884D-386F7D80021A}
	EndGlobalSection
EndGlobal
